// !$*UTF8*$!
{
	archiveVersion = 1;
	classes = {
	};
	objectVersion = 52;
	objects = {

/* Begin PBXBuildFile section */
		02D61B5E2A4C8F000030D276 /* RxCocoa in Frameworks */ = {isa = PBXBuildFile; productRef = 02D61B5D2A4C8F000030D276 /* RxCocoa */; };
		02D61B602A4C8F000030D276 /* RxRelay in Frameworks */ = {isa = PBXBuildFile; productRef = 02D61B5F2A4C8F000030D276 /* RxRelay */; };
		02D61B622A4C8F000030D276 /* RxSwift in Frameworks */ = {isa = PBXBuildFile; productRef = 02D61B612A4C8F000030D276 /* RxSwift */; };
		02D61B942A4C8F380030D276 /* AppComponent.swift in Sources */ = {isa = PBXBuildFile; fileRef = 02D61B642A4C8F370030D276 /* AppComponent.swift */; };
		02D61B952A4C8F380030D276 /* AppDelegate.swift in Sources */ = {isa = PBXBuildFile; fileRef = 02D61B652A4C8F370030D276 /* AppDelegate.swift */; };
		02D61B962A4C8F380030D276 /* ProfileHomeRouter.swift in Sources */ = {isa = PBXBuildFile; fileRef = 02D61B672A4C8F370030D276 /* ProfileHomeRouter.swift */; };
		02D61B972A4C8F380030D276 /* ProfileHomeBuilder.swift in Sources */ = {isa = PBXBuildFile; fileRef = 02D61B682A4C8F370030D276 /* ProfileHomeBuilder.swift */; };
		02D61B982A4C8F380030D276 /* ProfileHomeViewController.swift in Sources */ = {isa = PBXBuildFile; fileRef = 02D61B692A4C8F370030D276 /* ProfileHomeViewController.swift */; };
		02D61B992A4C8F380030D276 /* ProfileHomeInteractor.swift in Sources */ = {isa = PBXBuildFile; fileRef = 02D61B6A2A4C8F370030D276 /* ProfileHomeInteractor.swift */; };
		02D61B9A2A4C8F380030D276 /* PushModalPresentationController.swift in Sources */ = {isa = PBXBuildFile; fileRef = 02D61B6C2A4C8F370030D276 /* PushModalPresentationController.swift */; };
		02D61B9B2A4C8F380030D276 /* UIColor+Super.swift in Sources */ = {isa = PBXBuildFile; fileRef = 02D61B6D2A4C8F370030D276 /* UIColor+Super.swift */; };
		02D61B9C2A4C8F380030D276 /* UIView+Utils.swift in Sources */ = {isa = PBXBuildFile; fileRef = 02D61B6E2A4C8F370030D276 /* UIView+Utils.swift */; };
		02D61B9D2A4C8F380030D276 /* UIColor+Utils.swift in Sources */ = {isa = PBXBuildFile; fileRef = 02D61B6F2A4C8F370030D276 /* UIColor+Utils.swift */; };
		02D61B9E2A4C8F380030D276 /* RIBs+Utils.swift in Sources */ = {isa = PBXBuildFile; fileRef = 02D61B702A4C8F370030D276 /* RIBs+Utils.swift */; };
		02D61B9F2A4C8F380030D276 /* UITableView+Utils.swift in Sources */ = {isa = PBXBuildFile; fileRef = 02D61B712A4C8F370030D276 /* UITableView+Utils.swift */; };
		02D61BA02A4C8F380030D276 /* Array+Utils.swift in Sources */ = {isa = PBXBuildFile; fileRef = 02D61B722A4C8F370030D276 /* Array+Utils.swift */; };
		02D61BA12A4C8F380030D276 /* UIImage+Utils.swift in Sources */ = {isa = PBXBuildFile; fileRef = 02D61B732A4C8F370030D276 /* UIImage+Utils.swift */; };
		02D61BA22A4C8F380030D276 /* SuperPayDashboardInteractor.swift in Sources */ = {isa = PBXBuildFile; fileRef = 02D61B762A4C8F370030D276 /* SuperPayDashboardInteractor.swift */; };
		02D61BA32A4C8F380030D276 /* SuperPayDashboardViewController.swift in Sources */ = {isa = PBXBuildFile; fileRef = 02D61B772A4C8F370030D276 /* SuperPayDashboardViewController.swift */; };
		02D61BA42A4C8F380030D276 /* SuperPayDashboardBuilder.swift in Sources */ = {isa = PBXBuildFile; fileRef = 02D61B782A4C8F370030D276 /* SuperPayDashboardBuilder.swift */; };
		02D61BA52A4C8F380030D276 /* SuperPayDashboardRouter.swift in Sources */ = {isa = PBXBuildFile; fileRef = 02D61B792A4C8F370030D276 /* SuperPayDashboardRouter.swift */; };
		02D61BA62A4C8F380030D276 /* FinanceHomeRouter.swift in Sources */ = {isa = PBXBuildFile; fileRef = 02D61B7A2A4C8F370030D276 /* FinanceHomeRouter.swift */; };
		02D61BA72A4C8F380030D276 /* FinanceHomeInteractor.swift in Sources */ = {isa = PBXBuildFile; fileRef = 02D61B7B2A4C8F370030D276 /* FinanceHomeInteractor.swift */; };
		02D61BA82A4C8F380030D276 /* FinanceHomeViewController.swift in Sources */ = {isa = PBXBuildFile; fileRef = 02D61B7C2A4C8F370030D276 /* FinanceHomeViewController.swift */; };
		02D61BA92A4C8F380030D276 /* Storyboard.storyboard in Resources */ = {isa = PBXBuildFile; fileRef = 02D61B7D2A4C8F370030D276 /* Storyboard.storyboard */; };
		02D61BAA2A4C8F380030D276 /* FinanceHomeBuilder.swift in Sources */ = {isa = PBXBuildFile; fileRef = 02D61B7E2A4C8F370030D276 /* FinanceHomeBuilder.swift */; };
		02D61BAB2A4C8F380030D276 /* AppHomeInteractor.swift in Sources */ = {isa = PBXBuildFile; fileRef = 02D61B802A4C8F370030D276 /* AppHomeInteractor.swift */; };
		02D61BAC2A4C8F380030D276 /* AppHomeRouter.swift in Sources */ = {isa = PBXBuildFile; fileRef = 02D61B812A4C8F370030D276 /* AppHomeRouter.swift */; };
		02D61BAD2A4C8F380030D276 /* AppHomeBuilder.swift in Sources */ = {isa = PBXBuildFile; fileRef = 02D61B822A4C8F370030D276 /* AppHomeBuilder.swift */; };
		02D61BAE2A4C8F380030D276 /* HomeWidgetModel.swift in Sources */ = {isa = PBXBuildFile; fileRef = 02D61B832A4C8F370030D276 /* HomeWidgetModel.swift */; };
		02D61BAF2A4C8F380030D276 /* HomeWidgetView.swift in Sources */ = {isa = PBXBuildFile; fileRef = 02D61B852A4C8F370030D276 /* HomeWidgetView.swift */; };
		02D61BB02A4C8F380030D276 /* AppHomeViewController.swift in Sources */ = {isa = PBXBuildFile; fileRef = 02D61B862A4C8F370030D276 /* AppHomeViewController.swift */; };
		02D61BB12A4C8F380030D276 /* AppRootInteractor.swift in Sources */ = {isa = PBXBuildFile; fileRef = 02D61B882A4C8F370030D276 /* AppRootInteractor.swift */; };
		02D61BB22A4C8F380030D276 /* AppRootBuilder.swift in Sources */ = {isa = PBXBuildFile; fileRef = 02D61B892A4C8F370030D276 /* AppRootBuilder.swift */; };
		02D61BB32A4C8F380030D276 /* RootTabBarController.swift in Sources */ = {isa = PBXBuildFile; fileRef = 02D61B8A2A4C8F370030D276 /* RootTabBarController.swift */; };
		02D61BB42A4C8F380030D276 /* AppRootRouter.swift in Sources */ = {isa = PBXBuildFile; fileRef = 02D61B8B2A4C8F370030D276 /* AppRootRouter.swift */; };
		02D61BB52A4C8F380030D276 /* TransportHomeViewController.swift in Sources */ = {isa = PBXBuildFile; fileRef = 02D61B8D2A4C8F380030D276 /* TransportHomeViewController.swift */; };
		02D61BB62A4C8F380030D276 /* TransportHomeRouter.swift in Sources */ = {isa = PBXBuildFile; fileRef = 02D61B8E2A4C8F380030D276 /* TransportHomeRouter.swift */; };
		02D61BB72A4C8F380030D276 /* TransportHomeBuilder.swift in Sources */ = {isa = PBXBuildFile; fileRef = 02D61B8F2A4C8F380030D276 /* TransportHomeBuilder.swift */; };
		02D61BB82A4C8F380030D276 /* TransportHomeInteractor.swift in Sources */ = {isa = PBXBuildFile; fileRef = 02D61B902A4C8F380030D276 /* TransportHomeInteractor.swift */; };
		02D61BB92A4C8F380030D276 /* RideTypeView.swift in Sources */ = {isa = PBXBuildFile; fileRef = 02D61B922A4C8F380030D276 /* RideTypeView.swift */; };
		02D61BBA2A4C8F380030D276 /* SuperPayView.swift in Sources */ = {isa = PBXBuildFile; fileRef = 02D61B932A4C8F380030D276 /* SuperPayView.swift */; };
		02D61BC02A4C900F0030D276 /* CardOnFileDashboardRouter.swift in Sources */ = {isa = PBXBuildFile; fileRef = 02D61BBC2A4C900F0030D276 /* CardOnFileDashboardRouter.swift */; };
		02D61BC12A4C900F0030D276 /* CardOnFileDashboardViewController.swift in Sources */ = {isa = PBXBuildFile; fileRef = 02D61BBD2A4C900F0030D276 /* CardOnFileDashboardViewController.swift */; };
		02D61BC22A4C900F0030D276 /* CardOnFileDashboardBuilder.swift in Sources */ = {isa = PBXBuildFile; fileRef = 02D61BBE2A4C900F0030D276 /* CardOnFileDashboardBuilder.swift */; };
		02D61BC32A4C900F0030D276 /* CardOnFileDashboardInteractor.swift in Sources */ = {isa = PBXBuildFile; fileRef = 02D61BBF2A4C900F0030D276 /* CardOnFileDashboardInteractor.swift */; };
		02D61BC52A4C93BE0030D276 /* PaymentMethodView.swift in Sources */ = {isa = PBXBuildFile; fileRef = 02D61BC42A4C93BE0030D276 /* PaymentMethodView.swift */; };
		02D61BC72A4C93D80030D276 /* AddPaymentMethodButton.swift in Sources */ = {isa = PBXBuildFile; fileRef = 02D61BC62A4C93D80030D276 /* AddPaymentMethodButton.swift */; };
		02D61BC92A4C94CA0030D276 /* PaymentMethod.swift in Sources */ = {isa = PBXBuildFile; fileRef = 02D61BC82A4C94CA0030D276 /* PaymentMethod.swift */; };
		02D61BCD2A4C95650030D276 /* CardOnFileRepository.swift in Sources */ = {isa = PBXBuildFile; fileRef = 02D61BCC2A4C95650030D276 /* CardOnFileRepository.swift */; };
		02D61BD02A4C98520030D276 /* PaymentMethodViewModel.swift in Sources */ = {isa = PBXBuildFile; fileRef = 02D61BCF2A4C98520030D276 /* PaymentMethodViewModel.swift */; };
		F5829F6226DB2BC500BFA8CD /* Assets.xcassets in Resources */ = {isa = PBXBuildFile; fileRef = F5829F6126DB2BC500BFA8CD /* Assets.xcassets */; };
		F5829F6526DB2BC500BFA8CD /* LaunchScreen.storyboard in Resources */ = {isa = PBXBuildFile; fileRef = F5829F6326DB2BC500BFA8CD /* LaunchScreen.storyboard */; };
		F5829F6E26DB2DE900BFA8CD /* ModernRIBs in Frameworks */ = {isa = PBXBuildFile; productRef = F5829F6D26DB2DE900BFA8CD /* ModernRIBs */; };
/* End PBXBuildFile section */

/* Begin PBXFileReference section */
		02D61B642A4C8F370030D276 /* AppComponent.swift */ = {isa = PBXFileReference; fileEncoding = 4; lastKnownFileType = sourcecode.swift; path = AppComponent.swift; sourceTree = "<group>"; };
		02D61B652A4C8F370030D276 /* AppDelegate.swift */ = {isa = PBXFileReference; fileEncoding = 4; lastKnownFileType = sourcecode.swift; path = AppDelegate.swift; sourceTree = "<group>"; };
		02D61B672A4C8F370030D276 /* ProfileHomeRouter.swift */ = {isa = PBXFileReference; fileEncoding = 4; lastKnownFileType = sourcecode.swift; path = ProfileHomeRouter.swift; sourceTree = "<group>"; };
		02D61B682A4C8F370030D276 /* ProfileHomeBuilder.swift */ = {isa = PBXFileReference; fileEncoding = 4; lastKnownFileType = sourcecode.swift; path = ProfileHomeBuilder.swift; sourceTree = "<group>"; };
		02D61B692A4C8F370030D276 /* ProfileHomeViewController.swift */ = {isa = PBXFileReference; fileEncoding = 4; lastKnownFileType = sourcecode.swift; path = ProfileHomeViewController.swift; sourceTree = "<group>"; };
		02D61B6A2A4C8F370030D276 /* ProfileHomeInteractor.swift */ = {isa = PBXFileReference; fileEncoding = 4; lastKnownFileType = sourcecode.swift; path = ProfileHomeInteractor.swift; sourceTree = "<group>"; };
		02D61B6C2A4C8F370030D276 /* PushModalPresentationController.swift */ = {isa = PBXFileReference; fileEncoding = 4; lastKnownFileType = sourcecode.swift; path = PushModalPresentationController.swift; sourceTree = "<group>"; };
		02D61B6D2A4C8F370030D276 /* UIColor+Super.swift */ = {isa = PBXFileReference; fileEncoding = 4; lastKnownFileType = sourcecode.swift; path = "UIColor+Super.swift"; sourceTree = "<group>"; };
		02D61B6E2A4C8F370030D276 /* UIView+Utils.swift */ = {isa = PBXFileReference; fileEncoding = 4; lastKnownFileType = sourcecode.swift; path = "UIView+Utils.swift"; sourceTree = "<group>"; };
		02D61B6F2A4C8F370030D276 /* UIColor+Utils.swift */ = {isa = PBXFileReference; fileEncoding = 4; lastKnownFileType = sourcecode.swift; path = "UIColor+Utils.swift"; sourceTree = "<group>"; };
		02D61B702A4C8F370030D276 /* RIBs+Utils.swift */ = {isa = PBXFileReference; fileEncoding = 4; lastKnownFileType = sourcecode.swift; path = "RIBs+Utils.swift"; sourceTree = "<group>"; };
		02D61B712A4C8F370030D276 /* UITableView+Utils.swift */ = {isa = PBXFileReference; fileEncoding = 4; lastKnownFileType = sourcecode.swift; path = "UITableView+Utils.swift"; sourceTree = "<group>"; };
		02D61B722A4C8F370030D276 /* Array+Utils.swift */ = {isa = PBXFileReference; fileEncoding = 4; lastKnownFileType = sourcecode.swift; path = "Array+Utils.swift"; sourceTree = "<group>"; };
		02D61B732A4C8F370030D276 /* UIImage+Utils.swift */ = {isa = PBXFileReference; fileEncoding = 4; lastKnownFileType = sourcecode.swift; path = "UIImage+Utils.swift"; sourceTree = "<group>"; };
		02D61B762A4C8F370030D276 /* SuperPayDashboardInteractor.swift */ = {isa = PBXFileReference; fileEncoding = 4; lastKnownFileType = sourcecode.swift; path = SuperPayDashboardInteractor.swift; sourceTree = "<group>"; };
		02D61B772A4C8F370030D276 /* SuperPayDashboardViewController.swift */ = {isa = PBXFileReference; fileEncoding = 4; lastKnownFileType = sourcecode.swift; path = SuperPayDashboardViewController.swift; sourceTree = "<group>"; };
		02D61B782A4C8F370030D276 /* SuperPayDashboardBuilder.swift */ = {isa = PBXFileReference; fileEncoding = 4; lastKnownFileType = sourcecode.swift; path = SuperPayDashboardBuilder.swift; sourceTree = "<group>"; };
		02D61B792A4C8F370030D276 /* SuperPayDashboardRouter.swift */ = {isa = PBXFileReference; fileEncoding = 4; lastKnownFileType = sourcecode.swift; path = SuperPayDashboardRouter.swift; sourceTree = "<group>"; };
		02D61B7A2A4C8F370030D276 /* FinanceHomeRouter.swift */ = {isa = PBXFileReference; fileEncoding = 4; lastKnownFileType = sourcecode.swift; path = FinanceHomeRouter.swift; sourceTree = "<group>"; };
		02D61B7B2A4C8F370030D276 /* FinanceHomeInteractor.swift */ = {isa = PBXFileReference; fileEncoding = 4; lastKnownFileType = sourcecode.swift; path = FinanceHomeInteractor.swift; sourceTree = "<group>"; };
		02D61B7C2A4C8F370030D276 /* FinanceHomeViewController.swift */ = {isa = PBXFileReference; fileEncoding = 4; lastKnownFileType = sourcecode.swift; path = FinanceHomeViewController.swift; sourceTree = "<group>"; };
		02D61B7D2A4C8F370030D276 /* Storyboard.storyboard */ = {isa = PBXFileReference; fileEncoding = 4; lastKnownFileType = file.storyboard; path = Storyboard.storyboard; sourceTree = "<group>"; };
		02D61B7E2A4C8F370030D276 /* FinanceHomeBuilder.swift */ = {isa = PBXFileReference; fileEncoding = 4; lastKnownFileType = sourcecode.swift; path = FinanceHomeBuilder.swift; sourceTree = "<group>"; };
		02D61B802A4C8F370030D276 /* AppHomeInteractor.swift */ = {isa = PBXFileReference; fileEncoding = 4; lastKnownFileType = sourcecode.swift; path = AppHomeInteractor.swift; sourceTree = "<group>"; };
		02D61B812A4C8F370030D276 /* AppHomeRouter.swift */ = {isa = PBXFileReference; fileEncoding = 4; lastKnownFileType = sourcecode.swift; path = AppHomeRouter.swift; sourceTree = "<group>"; };
		02D61B822A4C8F370030D276 /* AppHomeBuilder.swift */ = {isa = PBXFileReference; fileEncoding = 4; lastKnownFileType = sourcecode.swift; path = AppHomeBuilder.swift; sourceTree = "<group>"; };
		02D61B832A4C8F370030D276 /* HomeWidgetModel.swift */ = {isa = PBXFileReference; fileEncoding = 4; lastKnownFileType = sourcecode.swift; path = HomeWidgetModel.swift; sourceTree = "<group>"; };
		02D61B852A4C8F370030D276 /* HomeWidgetView.swift */ = {isa = PBXFileReference; fileEncoding = 4; lastKnownFileType = sourcecode.swift; path = HomeWidgetView.swift; sourceTree = "<group>"; };
		02D61B862A4C8F370030D276 /* AppHomeViewController.swift */ = {isa = PBXFileReference; fileEncoding = 4; lastKnownFileType = sourcecode.swift; path = AppHomeViewController.swift; sourceTree = "<group>"; };
		02D61B882A4C8F370030D276 /* AppRootInteractor.swift */ = {isa = PBXFileReference; fileEncoding = 4; lastKnownFileType = sourcecode.swift; path = AppRootInteractor.swift; sourceTree = "<group>"; };
		02D61B892A4C8F370030D276 /* AppRootBuilder.swift */ = {isa = PBXFileReference; fileEncoding = 4; lastKnownFileType = sourcecode.swift; path = AppRootBuilder.swift; sourceTree = "<group>"; };
		02D61B8A2A4C8F370030D276 /* RootTabBarController.swift */ = {isa = PBXFileReference; fileEncoding = 4; lastKnownFileType = sourcecode.swift; path = RootTabBarController.swift; sourceTree = "<group>"; };
		02D61B8B2A4C8F370030D276 /* AppRootRouter.swift */ = {isa = PBXFileReference; fileEncoding = 4; lastKnownFileType = sourcecode.swift; path = AppRootRouter.swift; sourceTree = "<group>"; };
		02D61B8D2A4C8F380030D276 /* TransportHomeViewController.swift */ = {isa = PBXFileReference; fileEncoding = 4; lastKnownFileType = sourcecode.swift; path = TransportHomeViewController.swift; sourceTree = "<group>"; };
		02D61B8E2A4C8F380030D276 /* TransportHomeRouter.swift */ = {isa = PBXFileReference; fileEncoding = 4; lastKnownFileType = sourcecode.swift; path = TransportHomeRouter.swift; sourceTree = "<group>"; };
		02D61B8F2A4C8F380030D276 /* TransportHomeBuilder.swift */ = {isa = PBXFileReference; fileEncoding = 4; lastKnownFileType = sourcecode.swift; path = TransportHomeBuilder.swift; sourceTree = "<group>"; };
		02D61B902A4C8F380030D276 /* TransportHomeInteractor.swift */ = {isa = PBXFileReference; fileEncoding = 4; lastKnownFileType = sourcecode.swift; path = TransportHomeInteractor.swift; sourceTree = "<group>"; };
		02D61B922A4C8F380030D276 /* RideTypeView.swift */ = {isa = PBXFileReference; fileEncoding = 4; lastKnownFileType = sourcecode.swift; path = RideTypeView.swift; sourceTree = "<group>"; };
		02D61B932A4C8F380030D276 /* SuperPayView.swift */ = {isa = PBXFileReference; fileEncoding = 4; lastKnownFileType = sourcecode.swift; path = SuperPayView.swift; sourceTree = "<group>"; };
		02D61BBC2A4C900F0030D276 /* CardOnFileDashboardRouter.swift */ = {isa = PBXFileReference; lastKnownFileType = sourcecode.swift; path = CardOnFileDashboardRouter.swift; sourceTree = "<group>"; };
		02D61BBD2A4C900F0030D276 /* CardOnFileDashboardViewController.swift */ = {isa = PBXFileReference; lastKnownFileType = sourcecode.swift; path = CardOnFileDashboardViewController.swift; sourceTree = "<group>"; };
		02D61BBE2A4C900F0030D276 /* CardOnFileDashboardBuilder.swift */ = {isa = PBXFileReference; lastKnownFileType = sourcecode.swift; path = CardOnFileDashboardBuilder.swift; sourceTree = "<group>"; };
		02D61BBF2A4C900F0030D276 /* CardOnFileDashboardInteractor.swift */ = {isa = PBXFileReference; lastKnownFileType = sourcecode.swift; path = CardOnFileDashboardInteractor.swift; sourceTree = "<group>"; };
		02D61BC42A4C93BE0030D276 /* PaymentMethodView.swift */ = {isa = PBXFileReference; fileEncoding = 4; lastKnownFileType = sourcecode.swift; name = PaymentMethodView.swift; path = MiniSuperApp/FinanceHome/View/PaymentMethodView.swift; sourceTree = SOURCE_ROOT; };
		02D61BC62A4C93D80030D276 /* AddPaymentMethodButton.swift */ = {isa = PBXFileReference; fileEncoding = 4; lastKnownFileType = sourcecode.swift; name = AddPaymentMethodButton.swift; path = MiniSuperApp/FinanceHome/View/AddPaymentMethodButton.swift; sourceTree = SOURCE_ROOT; };
		02D61BC82A4C94CA0030D276 /* PaymentMethod.swift */ = {isa = PBXFileReference; lastKnownFileType = sourcecode.swift; path = PaymentMethod.swift; sourceTree = "<group>"; };
		02D61BCC2A4C95650030D276 /* CardOnFileRepository.swift */ = {isa = PBXFileReference; lastKnownFileType = sourcecode.swift; path = CardOnFileRepository.swift; sourceTree = "<group>"; };
		02D61BCF2A4C98520030D276 /* PaymentMethodViewModel.swift */ = {isa = PBXFileReference; lastKnownFileType = sourcecode.swift; path = PaymentMethodViewModel.swift; sourceTree = "<group>"; };
		F5829F5526DB2BC400BFA8CD /* MiniSuperApp.app */ = {isa = PBXFileReference; explicitFileType = wrapper.application; includeInIndex = 0; path = MiniSuperApp.app; sourceTree = BUILT_PRODUCTS_DIR; };
		F5829F6126DB2BC500BFA8CD /* Assets.xcassets */ = {isa = PBXFileReference; lastKnownFileType = folder.assetcatalog; path = Assets.xcassets; sourceTree = "<group>"; };
		F5829F6426DB2BC500BFA8CD /* Base */ = {isa = PBXFileReference; lastKnownFileType = file.storyboard; name = Base; path = Base.lproj/LaunchScreen.storyboard; sourceTree = "<group>"; };
		F5829F6626DB2BC500BFA8CD /* Info.plist */ = {isa = PBXFileReference; lastKnownFileType = text.plist.xml; path = Info.plist; sourceTree = "<group>"; };
/* End PBXFileReference section */

/* Begin PBXFrameworksBuildPhase section */
		F5829F5226DB2BC400BFA8CD /* Frameworks */ = {
			isa = PBXFrameworksBuildPhase;
			buildActionMask = 2147483647;
			files = (
				02D61B602A4C8F000030D276 /* RxRelay in Frameworks */,
				02D61B5E2A4C8F000030D276 /* RxCocoa in Frameworks */,
				02D61B622A4C8F000030D276 /* RxSwift in Frameworks */,
				F5829F6E26DB2DE900BFA8CD /* ModernRIBs in Frameworks */,
			);
			runOnlyForDeploymentPostprocessing = 0;
		};
/* End PBXFrameworksBuildPhase section */

/* Begin PBXGroup section */
		02D61B632A4C8F370030D276 /* AppDelegate */ = {
			isa = PBXGroup;
			children = (
				02D61B642A4C8F370030D276 /* AppComponent.swift */,
				02D61B652A4C8F370030D276 /* AppDelegate.swift */,
			);
			name = AppDelegate;
			path = "../../MiniSuperApp-fastcampus/MiniSuperApp/AppDelegate";
			sourceTree = "<group>";
		};
		02D61B662A4C8F370030D276 /* ProfileHome */ = {
			isa = PBXGroup;
			children = (
				02D61B672A4C8F370030D276 /* ProfileHomeRouter.swift */,
				02D61B682A4C8F370030D276 /* ProfileHomeBuilder.swift */,
				02D61B692A4C8F370030D276 /* ProfileHomeViewController.swift */,
				02D61B6A2A4C8F370030D276 /* ProfileHomeInteractor.swift */,
			);
			path = ProfileHome;
			sourceTree = "<group>";
		};
		02D61B6B2A4C8F370030D276 /* Utils */ = {
			isa = PBXGroup;
			children = (
				02D61B6C2A4C8F370030D276 /* PushModalPresentationController.swift */,
				02D61B6D2A4C8F370030D276 /* UIColor+Super.swift */,
				02D61B6E2A4C8F370030D276 /* UIView+Utils.swift */,
				02D61B6F2A4C8F370030D276 /* UIColor+Utils.swift */,
				02D61B702A4C8F370030D276 /* RIBs+Utils.swift */,
				02D61B712A4C8F370030D276 /* UITableView+Utils.swift */,
				02D61B722A4C8F370030D276 /* Array+Utils.swift */,
				02D61B732A4C8F370030D276 /* UIImage+Utils.swift */,
			);
			path = Utils;
			sourceTree = "<group>";
		};
		02D61B742A4C8F370030D276 /* FinanceHome */ = {
			isa = PBXGroup;
			children = (
				02D61BCE2A4C98430030D276 /* Model */,
				02D61BCB2A4C95450030D276 /* Repository */,
				02D61BCA2A4C94DF0030D276 /* View */,
				02D61BBB2A4C8FE90030D276 /* CardOnFileDashboard */,
				02D61B752A4C8F370030D276 /* SuperPayDashBoard */,
				02D61B7A2A4C8F370030D276 /* FinanceHomeRouter.swift */,
				02D61B7B2A4C8F370030D276 /* FinanceHomeInteractor.swift */,
				02D61B7C2A4C8F370030D276 /* FinanceHomeViewController.swift */,
				02D61B7D2A4C8F370030D276 /* Storyboard.storyboard */,
				02D61B7E2A4C8F370030D276 /* FinanceHomeBuilder.swift */,
			);
			path = FinanceHome;
			sourceTree = "<group>";
		};
		02D61B752A4C8F370030D276 /* SuperPayDashBoard */ = {
			isa = PBXGroup;
			children = (
				02D61B762A4C8F370030D276 /* SuperPayDashboardInteractor.swift */,
				02D61B772A4C8F370030D276 /* SuperPayDashboardViewController.swift */,
				02D61B782A4C8F370030D276 /* SuperPayDashboardBuilder.swift */,
				02D61B792A4C8F370030D276 /* SuperPayDashboardRouter.swift */,
			);
			path = SuperPayDashBoard;
			sourceTree = "<group>";
		};
		02D61B7F2A4C8F370030D276 /* AppHome */ = {
			isa = PBXGroup;
			children = (
				02D61B802A4C8F370030D276 /* AppHomeInteractor.swift */,
				02D61B812A4C8F370030D276 /* AppHomeRouter.swift */,
				02D61B822A4C8F370030D276 /* AppHomeBuilder.swift */,
				02D61B832A4C8F370030D276 /* HomeWidgetModel.swift */,
				02D61B842A4C8F370030D276 /* Views */,
				02D61B862A4C8F370030D276 /* AppHomeViewController.swift */,
			);
			path = AppHome;
			sourceTree = "<group>";
		};
		02D61B842A4C8F370030D276 /* Views */ = {
			isa = PBXGroup;
			children = (
				02D61B852A4C8F370030D276 /* HomeWidgetView.swift */,
			);
			path = Views;
			sourceTree = "<group>";
		};
		02D61B872A4C8F370030D276 /* AppRoot */ = {
			isa = PBXGroup;
			children = (
				02D61B882A4C8F370030D276 /* AppRootInteractor.swift */,
				02D61B892A4C8F370030D276 /* AppRootBuilder.swift */,
				02D61B8A2A4C8F370030D276 /* RootTabBarController.swift */,
				02D61B8B2A4C8F370030D276 /* AppRootRouter.swift */,
			);
			path = AppRoot;
			sourceTree = "<group>";
		};
		02D61B8C2A4C8F380030D276 /* TransportHome */ = {
			isa = PBXGroup;
			children = (
				02D61B8D2A4C8F380030D276 /* TransportHomeViewController.swift */,
				02D61B8E2A4C8F380030D276 /* TransportHomeRouter.swift */,
				02D61B8F2A4C8F380030D276 /* TransportHomeBuilder.swift */,
				02D61B902A4C8F380030D276 /* TransportHomeInteractor.swift */,
				02D61B912A4C8F380030D276 /* Views */,
			);
			path = TransportHome;
			sourceTree = "<group>";
		};
		02D61B912A4C8F380030D276 /* Views */ = {
			isa = PBXGroup;
			children = (
				02D61B922A4C8F380030D276 /* RideTypeView.swift */,
				02D61B932A4C8F380030D276 /* SuperPayView.swift */,
			);
			path = Views;
			sourceTree = "<group>";
		};
		02D61BBB2A4C8FE90030D276 /* CardOnFileDashboard */ = {
			isa = PBXGroup;
			children = (
				02D61BBC2A4C900F0030D276 /* CardOnFileDashboardRouter.swift */,
				02D61BBD2A4C900F0030D276 /* CardOnFileDashboardViewController.swift */,
				02D61BBE2A4C900F0030D276 /* CardOnFileDashboardBuilder.swift */,
				02D61BBF2A4C900F0030D276 /* CardOnFileDashboardInteractor.swift */,
			);
			path = CardOnFileDashboard;
			sourceTree = "<group>";
		};
		02D61BCA2A4C94DF0030D276 /* View */ = {
			isa = PBXGroup;
			children = (
				02D61BC62A4C93D80030D276 /* AddPaymentMethodButton.swift */,
				02D61BC42A4C93BE0030D276 /* PaymentMethodView.swift */,
			);
			path = View;
			sourceTree = "<group>";
		};
		02D61BCB2A4C95450030D276 /* Repository */ = {
			isa = PBXGroup;
			children = (
				02D61BCC2A4C95650030D276 /* CardOnFileRepository.swift */,
			);
			path = Repository;
			sourceTree = "<group>";
		};
		02D61BCE2A4C98430030D276 /* Model */ = {
			isa = PBXGroup;
			children = (
				02D61BC82A4C94CA0030D276 /* PaymentMethod.swift */,
				02D61BCF2A4C98520030D276 /* PaymentMethodViewModel.swift */,
			);
			path = Model;
			sourceTree = "<group>";
		};
		F5829F4C26DB2BC400BFA8CD = {
			isa = PBXGroup;
			children = (
				F5829F5726DB2BC400BFA8CD /* MiniSuperApp */,
				F5829F5626DB2BC400BFA8CD /* Products */,
			);
			sourceTree = "<group>";
		};
		F5829F5626DB2BC400BFA8CD /* Products */ = {
			isa = PBXGroup;
			children = (
				F5829F5526DB2BC400BFA8CD /* MiniSuperApp.app */,
			);
			name = Products;
			sourceTree = "<group>";
		};
		F5829F5726DB2BC400BFA8CD /* MiniSuperApp */ = {
			isa = PBXGroup;
			children = (
				02D61B632A4C8F370030D276 /* AppDelegate */,
				02D61B7F2A4C8F370030D276 /* AppHome */,
				02D61B872A4C8F370030D276 /* AppRoot */,
				02D61B742A4C8F370030D276 /* FinanceHome */,
				02D61B662A4C8F370030D276 /* ProfileHome */,
				02D61B8C2A4C8F380030D276 /* TransportHome */,
				02D61B6B2A4C8F370030D276 /* Utils */,
				F5829F6126DB2BC500BFA8CD /* Assets.xcassets */,
				F5829F6326DB2BC500BFA8CD /* LaunchScreen.storyboard */,
				F5829F6626DB2BC500BFA8CD /* Info.plist */,
			);
			path = MiniSuperApp;
			sourceTree = "<group>";
		};
/* End PBXGroup section */

/* Begin PBXNativeTarget section */
		F5829F5426DB2BC400BFA8CD /* MiniSuperApp */ = {
			isa = PBXNativeTarget;
			buildConfigurationList = F5829F6926DB2BC500BFA8CD /* Build configuration list for PBXNativeTarget "MiniSuperApp" */;
			buildPhases = (
				F5829F5126DB2BC400BFA8CD /* Sources */,
				F5829F5226DB2BC400BFA8CD /* Frameworks */,
				F5829F5326DB2BC400BFA8CD /* Resources */,
			);
			buildRules = (
			);
			dependencies = (
			);
			name = MiniSuperApp;
			packageProductDependencies = (
				F5829F6D26DB2DE900BFA8CD /* ModernRIBs */,
				02D61B5D2A4C8F000030D276 /* RxCocoa */,
				02D61B5F2A4C8F000030D276 /* RxRelay */,
				02D61B612A4C8F000030D276 /* RxSwift */,
			);
			productName = SuperRedApp;
			productReference = F5829F5526DB2BC400BFA8CD /* MiniSuperApp.app */;
			productType = "com.apple.product-type.application";
		};
/* End PBXNativeTarget section */

/* Begin PBXProject section */
		F5829F4D26DB2BC400BFA8CD /* Project object */ = {
			isa = PBXProject;
			attributes = {
				LastSwiftUpdateCheck = 1250;
				LastUpgradeCheck = 1250;
				TargetAttributes = {
					F5829F5426DB2BC400BFA8CD = {
						CreatedOnToolsVersion = 12.5.1;
					};
				};
			};
			buildConfigurationList = F5829F5026DB2BC400BFA8CD /* Build configuration list for PBXProject "MiniSuperApp" */;
			compatibilityVersion = "Xcode 9.3";
			developmentRegion = en;
			hasScannedForEncodings = 0;
			knownRegions = (
				en,
				Base,
			);
			mainGroup = F5829F4C26DB2BC400BFA8CD;
			packageReferences = (
				F5829F6C26DB2DE900BFA8CD /* XCRemoteSwiftPackageReference "ModernRIBs" */,
				02D61B5C2A4C8F000030D276 /* XCRemoteSwiftPackageReference "RxSwift" */,
			);
			productRefGroup = F5829F5626DB2BC400BFA8CD /* Products */;
			projectDirPath = "";
			projectRoot = "";
			targets = (
				F5829F5426DB2BC400BFA8CD /* MiniSuperApp */,
			);
		};
/* End PBXProject section */

/* Begin PBXResourcesBuildPhase section */
		F5829F5326DB2BC400BFA8CD /* Resources */ = {
			isa = PBXResourcesBuildPhase;
			buildActionMask = 2147483647;
			files = (
				F5829F6526DB2BC500BFA8CD /* LaunchScreen.storyboard in Resources */,
				F5829F6226DB2BC500BFA8CD /* Assets.xcassets in Resources */,
				02D61BA92A4C8F380030D276 /* Storyboard.storyboard in Resources */,
			);
			runOnlyForDeploymentPostprocessing = 0;
		};
/* End PBXResourcesBuildPhase section */

/* Begin PBXSourcesBuildPhase section */
		F5829F5126DB2BC400BFA8CD /* Sources */ = {
			isa = PBXSourcesBuildPhase;
			buildActionMask = 2147483647;
			files = (
				02D61BA32A4C8F380030D276 /* SuperPayDashboardViewController.swift in Sources */,
				02D61BAC2A4C8F380030D276 /* AppHomeRouter.swift in Sources */,
				02D61BC32A4C900F0030D276 /* CardOnFileDashboardInteractor.swift in Sources */,
				02D61B972A4C8F380030D276 /* ProfileHomeBuilder.swift in Sources */,
				02D61BA72A4C8F380030D276 /* FinanceHomeInteractor.swift in Sources */,
				02D61B982A4C8F380030D276 /* ProfileHomeViewController.swift in Sources */,
				02D61BB82A4C8F380030D276 /* TransportHomeInteractor.swift in Sources */,
				02D61BC72A4C93D80030D276 /* AddPaymentMethodButton.swift in Sources */,
				02D61BB22A4C8F380030D276 /* AppRootBuilder.swift in Sources */,
				02D61BC52A4C93BE0030D276 /* PaymentMethodView.swift in Sources */,
				02D61BB12A4C8F380030D276 /* AppRootInteractor.swift in Sources */,
				02D61B962A4C8F380030D276 /* ProfileHomeRouter.swift in Sources */,
				02D61BAB2A4C8F380030D276 /* AppHomeInteractor.swift in Sources */,
				02D61BAA2A4C8F380030D276 /* FinanceHomeBuilder.swift in Sources */,
				02D61BB92A4C8F380030D276 /* RideTypeView.swift in Sources */,
				02D61BA42A4C8F380030D276 /* SuperPayDashboardBuilder.swift in Sources */,
				02D61BAD2A4C8F380030D276 /* AppHomeBuilder.swift in Sources */,
				02D61BC22A4C900F0030D276 /* CardOnFileDashboardBuilder.swift in Sources */,
				02D61BAE2A4C8F380030D276 /* HomeWidgetModel.swift in Sources */,
				02D61B952A4C8F380030D276 /* AppDelegate.swift in Sources */,
				02D61BC12A4C900F0030D276 /* CardOnFileDashboardViewController.swift in Sources */,
				02D61BA02A4C8F380030D276 /* Array+Utils.swift in Sources */,
				02D61B942A4C8F380030D276 /* AppComponent.swift in Sources */,
				02D61BA82A4C8F380030D276 /* FinanceHomeViewController.swift in Sources */,
				02D61BB02A4C8F380030D276 /* AppHomeViewController.swift in Sources */,
				02D61BD02A4C98520030D276 /* PaymentMethodViewModel.swift in Sources */,
				02D61B9D2A4C8F380030D276 /* UIColor+Utils.swift in Sources */,
				02D61BC02A4C900F0030D276 /* CardOnFileDashboardRouter.swift in Sources */,
				02D61BB72A4C8F380030D276 /* TransportHomeBuilder.swift in Sources */,
				02D61BA22A4C8F380030D276 /* SuperPayDashboardInteractor.swift in Sources */,
				02D61BB42A4C8F380030D276 /* AppRootRouter.swift in Sources */,
				02D61BCD2A4C95650030D276 /* CardOnFileRepository.swift in Sources */,
				02D61B9B2A4C8F380030D276 /* UIColor+Super.swift in Sources */,
				02D61B9A2A4C8F380030D276 /* PushModalPresentationController.swift in Sources */,
				02D61BB32A4C8F380030D276 /* RootTabBarController.swift in Sources */,
				02D61BA62A4C8F380030D276 /* FinanceHomeRouter.swift in Sources */,
				02D61BB62A4C8F380030D276 /* TransportHomeRouter.swift in Sources */,
				02D61B9C2A4C8F380030D276 /* UIView+Utils.swift in Sources */,
				02D61B9E2A4C8F380030D276 /* RIBs+Utils.swift in Sources */,
				02D61BA52A4C8F380030D276 /* SuperPayDashboardRouter.swift in Sources */,
				02D61BA12A4C8F380030D276 /* UIImage+Utils.swift in Sources */,
				02D61BC92A4C94CA0030D276 /* PaymentMethod.swift in Sources */,
				02D61B992A4C8F380030D276 /* ProfileHomeInteractor.swift in Sources */,
				02D61BB52A4C8F380030D276 /* TransportHomeViewController.swift in Sources */,
				02D61BAF2A4C8F380030D276 /* HomeWidgetView.swift in Sources */,
				02D61B9F2A4C8F380030D276 /* UITableView+Utils.swift in Sources */,
				02D61BBA2A4C8F380030D276 /* SuperPayView.swift in Sources */,
			);
			runOnlyForDeploymentPostprocessing = 0;
		};
/* End PBXSourcesBuildPhase section */

/* Begin PBXVariantGroup section */
		F5829F6326DB2BC500BFA8CD /* LaunchScreen.storyboard */ = {
			isa = PBXVariantGroup;
			children = (
				F5829F6426DB2BC500BFA8CD /* Base */,
			);
			name = LaunchScreen.storyboard;
			sourceTree = "<group>";
		};
/* End PBXVariantGroup section */

/* Begin XCBuildConfiguration section */
		F5829F6726DB2BC500BFA8CD /* Debug */ = {
			isa = XCBuildConfiguration;
			buildSettings = {
				ALWAYS_SEARCH_USER_PATHS = NO;
				CLANG_ANALYZER_NONNULL = YES;
				CLANG_ANALYZER_NUMBER_OBJECT_CONVERSION = YES_AGGRESSIVE;
				CLANG_CXX_LANGUAGE_STANDARD = "gnu++14";
				CLANG_CXX_LIBRARY = "libc++";
				CLANG_ENABLE_MODULES = YES;
				CLANG_ENABLE_OBJC_ARC = YES;
				CLANG_ENABLE_OBJC_WEAK = YES;
				CLANG_WARN_BLOCK_CAPTURE_AUTORELEASING = YES;
				CLANG_WARN_BOOL_CONVERSION = YES;
				CLANG_WARN_COMMA = YES;
				CLANG_WARN_CONSTANT_CONVERSION = YES;
				CLANG_WARN_DEPRECATED_OBJC_IMPLEMENTATIONS = YES;
				CLANG_WARN_DIRECT_OBJC_ISA_USAGE = YES_ERROR;
				CLANG_WARN_DOCUMENTATION_COMMENTS = YES;
				CLANG_WARN_EMPTY_BODY = YES;
				CLANG_WARN_ENUM_CONVERSION = YES;
				CLANG_WARN_INFINITE_RECURSION = YES;
				CLANG_WARN_INT_CONVERSION = YES;
				CLANG_WARN_NON_LITERAL_NULL_CONVERSION = YES;
				CLANG_WARN_OBJC_IMPLICIT_RETAIN_SELF = YES;
				CLANG_WARN_OBJC_LITERAL_CONVERSION = YES;
				CLANG_WARN_OBJC_ROOT_CLASS = YES_ERROR;
				CLANG_WARN_QUOTED_INCLUDE_IN_FRAMEWORK_HEADER = YES;
				CLANG_WARN_RANGE_LOOP_ANALYSIS = YES;
				CLANG_WARN_STRICT_PROTOTYPES = YES;
				CLANG_WARN_SUSPICIOUS_MOVE = YES;
				CLANG_WARN_UNGUARDED_AVAILABILITY = YES_AGGRESSIVE;
				CLANG_WARN_UNREACHABLE_CODE = YES;
				CLANG_WARN__DUPLICATE_METHOD_MATCH = YES;
				COPY_PHASE_STRIP = NO;
				DEBUG_INFORMATION_FORMAT = dwarf;
				ENABLE_STRICT_OBJC_MSGSEND = YES;
				ENABLE_TESTABILITY = YES;
				GCC_C_LANGUAGE_STANDARD = gnu11;
				GCC_DYNAMIC_NO_PIC = NO;
				GCC_NO_COMMON_BLOCKS = YES;
				GCC_OPTIMIZATION_LEVEL = 0;
				GCC_PREPROCESSOR_DEFINITIONS = (
					"DEBUG=1",
					"$(inherited)",
				);
				GCC_WARN_64_TO_32_BIT_CONVERSION = YES;
				GCC_WARN_ABOUT_RETURN_TYPE = YES_ERROR;
				GCC_WARN_UNDECLARED_SELECTOR = YES;
				GCC_WARN_UNINITIALIZED_AUTOS = YES_AGGRESSIVE;
				GCC_WARN_UNUSED_FUNCTION = YES;
				GCC_WARN_UNUSED_VARIABLE = YES;
				IPHONEOS_DEPLOYMENT_TARGET = 14.5;
				MTL_ENABLE_DEBUG_INFO = INCLUDE_SOURCE;
				MTL_FAST_MATH = YES;
				ONLY_ACTIVE_ARCH = YES;
				SDKROOT = iphoneos;
				SWIFT_ACTIVE_COMPILATION_CONDITIONS = DEBUG;
				SWIFT_OPTIMIZATION_LEVEL = "-Onone";
			};
			name = Debug;
		};
		F5829F6826DB2BC500BFA8CD /* Release */ = {
			isa = XCBuildConfiguration;
			buildSettings = {
				ALWAYS_SEARCH_USER_PATHS = NO;
				CLANG_ANALYZER_NONNULL = YES;
				CLANG_ANALYZER_NUMBER_OBJECT_CONVERSION = YES_AGGRESSIVE;
				CLANG_CXX_LANGUAGE_STANDARD = "gnu++14";
				CLANG_CXX_LIBRARY = "libc++";
				CLANG_ENABLE_MODULES = YES;
				CLANG_ENABLE_OBJC_ARC = YES;
				CLANG_ENABLE_OBJC_WEAK = YES;
				CLANG_WARN_BLOCK_CAPTURE_AUTORELEASING = YES;
				CLANG_WARN_BOOL_CONVERSION = YES;
				CLANG_WARN_COMMA = YES;
				CLANG_WARN_CONSTANT_CONVERSION = YES;
				CLANG_WARN_DEPRECATED_OBJC_IMPLEMENTATIONS = YES;
				CLANG_WARN_DIRECT_OBJC_ISA_USAGE = YES_ERROR;
				CLANG_WARN_DOCUMENTATION_COMMENTS = YES;
				CLANG_WARN_EMPTY_BODY = YES;
				CLANG_WARN_ENUM_CONVERSION = YES;
				CLANG_WARN_INFINITE_RECURSION = YES;
				CLANG_WARN_INT_CONVERSION = YES;
				CLANG_WARN_NON_LITERAL_NULL_CONVERSION = YES;
				CLANG_WARN_OBJC_IMPLICIT_RETAIN_SELF = YES;
				CLANG_WARN_OBJC_LITERAL_CONVERSION = YES;
				CLANG_WARN_OBJC_ROOT_CLASS = YES_ERROR;
				CLANG_WARN_QUOTED_INCLUDE_IN_FRAMEWORK_HEADER = YES;
				CLANG_WARN_RANGE_LOOP_ANALYSIS = YES;
				CLANG_WARN_STRICT_PROTOTYPES = YES;
				CLANG_WARN_SUSPICIOUS_MOVE = YES;
				CLANG_WARN_UNGUARDED_AVAILABILITY = YES_AGGRESSIVE;
				CLANG_WARN_UNREACHABLE_CODE = YES;
				CLANG_WARN__DUPLICATE_METHOD_MATCH = YES;
				COPY_PHASE_STRIP = NO;
				DEBUG_INFORMATION_FORMAT = "dwarf-with-dsym";
				ENABLE_NS_ASSERTIONS = NO;
				ENABLE_STRICT_OBJC_MSGSEND = YES;
				GCC_C_LANGUAGE_STANDARD = gnu11;
				GCC_NO_COMMON_BLOCKS = YES;
				GCC_WARN_64_TO_32_BIT_CONVERSION = YES;
				GCC_WARN_ABOUT_RETURN_TYPE = YES_ERROR;
				GCC_WARN_UNDECLARED_SELECTOR = YES;
				GCC_WARN_UNINITIALIZED_AUTOS = YES_AGGRESSIVE;
				GCC_WARN_UNUSED_FUNCTION = YES;
				GCC_WARN_UNUSED_VARIABLE = YES;
				IPHONEOS_DEPLOYMENT_TARGET = 14.5;
				MTL_ENABLE_DEBUG_INFO = NO;
				MTL_FAST_MATH = YES;
				SDKROOT = iphoneos;
				SWIFT_COMPILATION_MODE = wholemodule;
				SWIFT_OPTIMIZATION_LEVEL = "-O";
				VALIDATE_PRODUCT = YES;
			};
			name = Release;
		};
		F5829F6A26DB2BC500BFA8CD /* Debug */ = {
			isa = XCBuildConfiguration;
			buildSettings = {
				ASSETCATALOG_COMPILER_APPICON_NAME = AppIcon;
				ASSETCATALOG_COMPILER_GLOBAL_ACCENT_COLOR_NAME = AccentColor;
				CODE_SIGN_STYLE = Automatic;
				DEVELOPMENT_TEAM = 8AN45VBDM4;
				INFOPLIST_FILE = MiniSuperApp/Info.plist;
				LD_RUNPATH_SEARCH_PATHS = (
					"$(inherited)",
					"@executable_path/Frameworks",
				);
				PRODUCT_BUNDLE_IDENTIFIER = com.red.MiniSuperApp;
				PRODUCT_NAME = "$(TARGET_NAME)";
				SWIFT_VERSION = 5.0;
				TARGETED_DEVICE_FAMILY = 1;
			};
			name = Debug;
		};
		F5829F6B26DB2BC500BFA8CD /* Release */ = {
			isa = XCBuildConfiguration;
			buildSettings = {
				ASSETCATALOG_COMPILER_APPICON_NAME = AppIcon;
				ASSETCATALOG_COMPILER_GLOBAL_ACCENT_COLOR_NAME = AccentColor;
				CODE_SIGN_STYLE = Automatic;
				DEVELOPMENT_TEAM = 8AN45VBDM4;
				INFOPLIST_FILE = MiniSuperApp/Info.plist;
				LD_RUNPATH_SEARCH_PATHS = (
					"$(inherited)",
					"@executable_path/Frameworks",
				);
				PRODUCT_BUNDLE_IDENTIFIER = com.red.MiniSuperApp;
				PRODUCT_NAME = "$(TARGET_NAME)";
				SWIFT_VERSION = 5.0;
				TARGETED_DEVICE_FAMILY = 1;
			};
			name = Release;
		};
/* End XCBuildConfiguration section */

/* Begin XCConfigurationList section */
		F5829F5026DB2BC400BFA8CD /* Build configuration list for PBXProject "MiniSuperApp" */ = {
			isa = XCConfigurationList;
			buildConfigurations = (
				F5829F6726DB2BC500BFA8CD /* Debug */,
				F5829F6826DB2BC500BFA8CD /* Release */,
			);
			defaultConfigurationIsVisible = 0;
			defaultConfigurationName = Release;
		};
		F5829F6926DB2BC500BFA8CD /* Build configuration list for PBXNativeTarget "MiniSuperApp" */ = {
			isa = XCConfigurationList;
			buildConfigurations = (
				F5829F6A26DB2BC500BFA8CD /* Debug */,
				F5829F6B26DB2BC500BFA8CD /* Release */,
			);
			defaultConfigurationIsVisible = 0;
			defaultConfigurationName = Release;
		};
/* End XCConfigurationList section */

/* Begin XCRemoteSwiftPackageReference section */
		02D61B5C2A4C8F000030D276 /* XCRemoteSwiftPackageReference "RxSwift" */ = {
			isa = XCRemoteSwiftPackageReference;
			repositoryURL = "https://github.com/ReactiveX/RxSwift.git";
			requirement = {
				kind = exactVersion;
				version = 6.6.0;
			};
		};
		F5829F6C26DB2DE900BFA8CD /* XCRemoteSwiftPackageReference "ModernRIBs" */ = {
			isa = XCRemoteSwiftPackageReference;
			repositoryURL = "https://github.com/DevYeom/ModernRIBs";
			requirement = {
				kind = upToNextMajorVersion;
				minimumVersion = 1.0.1;
			};
		};
/* End XCRemoteSwiftPackageReference section */

/* Begin XCSwiftPackageProductDependency section */
		02D61B5D2A4C8F000030D276 /* RxCocoa */ = {
			isa = XCSwiftPackageProductDependency;
			package = 02D61B5C2A4C8F000030D276 /* XCRemoteSwiftPackageReference "RxSwift" */;
			productName = RxCocoa;
		};
		02D61B5F2A4C8F000030D276 /* RxRelay */ = {
			isa = XCSwiftPackageProductDependency;
			package = 02D61B5C2A4C8F000030D276 /* XCRemoteSwiftPackageReference "RxSwift" */;
			productName = RxRelay;
		};
		02D61B612A4C8F000030D276 /* RxSwift */ = {
			isa = XCSwiftPackageProductDependency;
			package = 02D61B5C2A4C8F000030D276 /* XCRemoteSwiftPackageReference "RxSwift" */;
			productName = RxSwift;
		};
		F5829F6D26DB2DE900BFA8CD /* ModernRIBs */ = {
			isa = XCSwiftPackageProductDependency;
			package = F5829F6C26DB2DE900BFA8CD /* XCRemoteSwiftPackageReference "ModernRIBs" */;
			productName = ModernRIBs;
		};
/* End XCSwiftPackageProductDependency section */
	};
	rootObject = F5829F4D26DB2BC400BFA8CD /* Project object */;
}
